// !$*UTF8*$!
{
	archiveVersion = 1;
	classes = {
	};
	objectVersion = 50;
	objects = {

/* Begin PBXBuildFile section */
		E348F962207283BC007A903B /* AppDelegate.swift in Sources */ = {isa = PBXBuildFile; fileRef = E348F961207283BC007A903B /* AppDelegate.swift */; };
		E348F964207283BC007A903B /* ViewController.swift in Sources */ = {isa = PBXBuildFile; fileRef = E348F963207283BC007A903B /* ViewController.swift */; };
		E348F967207283BC007A903B /* Main.storyboard in Resources */ = {isa = PBXBuildFile; fileRef = E348F965207283BC007A903B /* Main.storyboard */; };
		E348F96A207283BC007A903B /* Persistence.xcdatamodeld in Sources */ = {isa = PBXBuildFile; fileRef = E348F968207283BC007A903B /* Persistence.xcdatamodeld */; };
		E348F96C207283C1007A903B /* Assets.xcassets in Resources */ = {isa = PBXBuildFile; fileRef = E348F96B207283C1007A903B /* Assets.xcassets */; };
		E348F96F207283C1007A903B /* LaunchScreen.storyboard in Resources */ = {isa = PBXBuildFile; fileRef = E348F96D207283C1007A903B /* LaunchScreen.storyboard */; };
		E348F97A207283C1007A903B /* PersistenceTests.swift in Sources */ = {isa = PBXBuildFile; fileRef = E348F979207283C1007A903B /* PersistenceTests.swift */; };
		E348F985207287BC007A903B /* PersistenceManager.swift in Sources */ = {isa = PBXBuildFile; fileRef = E348F984207287BC007A903B /* PersistenceManager.swift */; };
		E348F98820728C37007A903B /* Person+CoreDataClass.swift in Sources */ = {isa = PBXBuildFile; fileRef = E348F98620728C37007A903B /* Person+CoreDataClass.swift */; };
		E348F98920728C37007A903B /* Person+CoreDataProperties.swift in Sources */ = {isa = PBXBuildFile; fileRef = E348F98720728C37007A903B /* Person+CoreDataProperties.swift */; };
		E3C939232072951C00552A31 /* User.swift in Sources */ = {isa = PBXBuildFile; fileRef = E3C939222072951C00552A31 /* User.swift */; };
		E3C9392520729CDB00552A31 /* Course.swift in Sources */ = {isa = PBXBuildFile; fileRef = E3C9392420729CDB00552A31 /* Course.swift */; };
/* End PBXBuildFile section */

/* Begin PBXContainerItemProxy section */
		E348F976207283C1007A903B /* PBXContainerItemProxy */ = {
			isa = PBXContainerItemProxy;
			containerPortal = E348F956207283BC007A903B /* Project object */;
			proxyType = 1;
			remoteGlobalIDString = E348F95D207283BC007A903B;
			remoteInfo = Persistence;
		};
/* End PBXContainerItemProxy section */

/* Begin PBXFileReference section */
		E348F95E207283BC007A903B /* Persistence.app */ = {isa = PBXFileReference; explicitFileType = wrapper.application; includeInIndex = 0; path = Persistence.app; sourceTree = BUILT_PRODUCTS_DIR; };
		E348F961207283BC007A903B /* AppDelegate.swift */ = {isa = PBXFileReference; lastKnownFileType = sourcecode.swift; path = AppDelegate.swift; sourceTree = "<group>"; };
		E348F963207283BC007A903B /* ViewController.swift */ = {isa = PBXFileReference; lastKnownFileType = sourcecode.swift; path = ViewController.swift; sourceTree = "<group>"; };
		E348F966207283BC007A903B /* Base */ = {isa = PBXFileReference; lastKnownFileType = file.storyboard; name = Base; path = Base.lproj/Main.storyboard; sourceTree = "<group>"; };
		E348F969207283BC007A903B /* Persistence.xcdatamodel */ = {isa = PBXFileReference; lastKnownFileType = wrapper.xcdatamodel; path = Persistence.xcdatamodel; sourceTree = "<group>"; };
		E348F96B207283C1007A903B /* Assets.xcassets */ = {isa = PBXFileReference; lastKnownFileType = folder.assetcatalog; path = Assets.xcassets; sourceTree = "<group>"; };
		E348F96E207283C1007A903B /* Base */ = {isa = PBXFileReference; lastKnownFileType = file.storyboard; name = Base; path = Base.lproj/LaunchScreen.storyboard; sourceTree = "<group>"; };
		E348F970207283C1007A903B /* Info.plist */ = {isa = PBXFileReference; lastKnownFileType = text.plist.xml; path = Info.plist; sourceTree = "<group>"; };
		E348F975207283C1007A903B /* PersistenceTests.xctest */ = {isa = PBXFileReference; explicitFileType = wrapper.cfbundle; includeInIndex = 0; path = PersistenceTests.xctest; sourceTree = BUILT_PRODUCTS_DIR; };
		E348F979207283C1007A903B /* PersistenceTests.swift */ = {isa = PBXFileReference; lastKnownFileType = sourcecode.swift; path = PersistenceTests.swift; sourceTree = "<group>"; };
		E348F97B207283C1007A903B /* Info.plist */ = {isa = PBXFileReference; lastKnownFileType = text.plist.xml; path = Info.plist; sourceTree = "<group>"; };
		E348F984207287BC007A903B /* PersistenceManager.swift */ = {isa = PBXFileReference; lastKnownFileType = sourcecode.swift; path = PersistenceManager.swift; sourceTree = "<group>"; };
		E348F98620728C37007A903B /* Person+CoreDataClass.swift */ = {isa = PBXFileReference; lastKnownFileType = sourcecode.swift; path = "Person+CoreDataClass.swift"; sourceTree = "<group>"; };
		E348F98720728C37007A903B /* Person+CoreDataProperties.swift */ = {isa = PBXFileReference; lastKnownFileType = sourcecode.swift; path = "Person+CoreDataProperties.swift"; sourceTree = "<group>"; };
		E3C939222072951C00552A31 /* User.swift */ = {isa = PBXFileReference; lastKnownFileType = sourcecode.swift; path = User.swift; sourceTree = "<group>"; };
		E3C9392420729CDB00552A31 /* Course.swift */ = {isa = PBXFileReference; fileEncoding = 4; lastKnownFileType = sourcecode.swift; path = Course.swift; sourceTree = "<group>"; };
/* End PBXFileReference section */

/* Begin PBXFrameworksBuildPhase section */
		E348F95B207283BC007A903B /* Frameworks */ = {
			isa = PBXFrameworksBuildPhase;
			buildActionMask = 2147483647;
			files = (
			);
			runOnlyForDeploymentPostprocessing = 0;
		};
		E348F972207283C1007A903B /* Frameworks */ = {
			isa = PBXFrameworksBuildPhase;
			buildActionMask = 2147483647;
			files = (
			);
			runOnlyForDeploymentPostprocessing = 0;
		};
/* End PBXFrameworksBuildPhase section */

/* Begin PBXGroup section */
		E348F955207283BC007A903B = {
			isa = PBXGroup;
			children = (
				E348F960207283BC007A903B /* Persistence */,
				E348F978207283C1007A903B /* PersistenceTests */,
				E348F95F207283BC007A903B /* Products */,
			);
			sourceTree = "<group>";
		};
		E348F95F207283BC007A903B /* Products */ = {
			isa = PBXGroup;
			children = (
				E348F95E207283BC007A903B /* Persistence.app */,
				E348F975207283C1007A903B /* PersistenceTests.xctest */,
			);
			name = Products;
			sourceTree = "<group>";
		};
		E348F960207283BC007A903B /* Persistence */ = {
			isa = PBXGroup;
			children = (
				E3C9391D2072921C00552A31 /* Encodable */,
				E3C9391C207291F200552A31 /* CoreData */,
				E348F961207283BC007A903B /* AppDelegate.swift */,
				E348F963207283BC007A903B /* ViewController.swift */,
				E348F965207283BC007A903B /* Main.storyboard */,
				E348F96B207283C1007A903B /* Assets.xcassets */,
				E348F96D207283C1007A903B /* LaunchScreen.storyboard */,
				E348F970207283C1007A903B /* Info.plist */,
			);
			path = Persistence;
			sourceTree = "<group>";
		};
		E348F978207283C1007A903B /* PersistenceTests */ = {
			isa = PBXGroup;
			children = (
				E348F979207283C1007A903B /* PersistenceTests.swift */,
				E348F97B207283C1007A903B /* Info.plist */,
			);
			path = PersistenceTests;
			sourceTree = "<group>";
		};
		E3C9391C207291F200552A31 /* CoreData */ = {
			isa = PBXGroup;
			children = (
				E348F98620728C37007A903B /* Person+CoreDataClass.swift */,
				E348F98720728C37007A903B /* Person+CoreDataProperties.swift */,
				E348F968207283BC007A903B /* Persistence.xcdatamodeld */,
				E348F984207287BC007A903B /* PersistenceManager.swift */,
			);
			path = CoreData;
			sourceTree = "<group>";
		};
		E3C9391D2072921C00552A31 /* Encodable */ = {
			isa = PBXGroup;
			children = (
				E3C9392420729CDB00552A31 /* Course.swift */,
				E3C939222072951C00552A31 /* User.swift */,
			);
			path = Encodable;
			sourceTree = "<group>";
		};
/* End PBXGroup section */

/* Begin PBXNativeTarget section */
		E348F95D207283BC007A903B /* Persistence */ = {
			isa = PBXNativeTarget;
			buildConfigurationList = E348F97E207283C1007A903B /* Build configuration list for PBXNativeTarget "Persistence" */;
			buildPhases = (
				E348F95A207283BC007A903B /* Sources */,
				E348F95B207283BC007A903B /* Frameworks */,
				E348F95C207283BC007A903B /* Resources */,
			);
			buildRules = (
			);
			dependencies = (
			);
			name = Persistence;
			productName = Persistence;
			productReference = E348F95E207283BC007A903B /* Persistence.app */;
			productType = "com.apple.product-type.application";
		};
		E348F974207283C1007A903B /* PersistenceTests */ = {
			isa = PBXNativeTarget;
			buildConfigurationList = E348F981207283C1007A903B /* Build configuration list for PBXNativeTarget "PersistenceTests" */;
			buildPhases = (
				E348F971207283C1007A903B /* Sources */,
				E348F972207283C1007A903B /* Frameworks */,
				E348F973207283C1007A903B /* Resources */,
			);
			buildRules = (
			);
			dependencies = (
				E348F977207283C1007A903B /* PBXTargetDependency */,
			);
			name = PersistenceTests;
			productName = PersistenceTests;
			productReference = E348F975207283C1007A903B /* PersistenceTests.xctest */;
			productType = "com.apple.product-type.bundle.unit-test";
		};
/* End PBXNativeTarget section */

/* Begin PBXProject section */
		E348F956207283BC007A903B /* Project object */ = {
			isa = PBXProject;
			attributes = {
				LastSwiftUpdateCheck = 0930;
				LastUpgradeCheck = 0930;
				ORGANIZATIONNAME = "taehoon lee";
				TargetAttributes = {
					E348F95D207283BC007A903B = {
						CreatedOnToolsVersion = 9.3;
					};
					E348F974207283C1007A903B = {
						CreatedOnToolsVersion = 9.3;
						TestTargetID = E348F95D207283BC007A903B;
					};
				};
			};
			buildConfigurationList = E348F959207283BC007A903B /* Build configuration list for PBXProject "Persistence" */;
			compatibilityVersion = "Xcode 9.3";
			developmentRegion = en;
			hasScannedForEncodings = 0;
			knownRegions = (
				en,
				Base,
			);
			mainGroup = E348F955207283BC007A903B;
			productRefGroup = E348F95F207283BC007A903B /* Products */;
			projectDirPath = "";
			projectRoot = "";
			targets = (
				E348F95D207283BC007A903B /* Persistence */,
				E348F974207283C1007A903B /* PersistenceTests */,
			);
		};
/* End PBXProject section */

/* Begin PBXResourcesBuildPhase section */
		E348F95C207283BC007A903B /* Resources */ = {
			isa = PBXResourcesBuildPhase;
			buildActionMask = 2147483647;
			files = (
				E348F96F207283C1007A903B /* LaunchScreen.storyboard in Resources */,
				E348F96C207283C1007A903B /* Assets.xcassets in Resources */,
				E348F967207283BC007A903B /* Main.storyboard in Resources */,
			);
			runOnlyForDeploymentPostprocessing = 0;
		};
		E348F973207283C1007A903B /* Resources */ = {
			isa = PBXResourcesBuildPhase;
			buildActionMask = 2147483647;
			files = (
			);
			runOnlyForDeploymentPostprocessing = 0;
		};
/* End PBXResourcesBuildPhase section */

/* Begin PBXSourcesBuildPhase section */
		E348F95A207283BC007A903B /* Sources */ = {
			isa = PBXSourcesBuildPhase;
			buildActionMask = 2147483647;
			files = (
				E3C9392520729CDB00552A31 /* Course.swift in Sources */,
				E348F96A207283BC007A903B /* Persistence.xcdatamodeld in Sources */,
				E348F964207283BC007A903B /* ViewController.swift in Sources */,
				E348F98920728C37007A903B /* Person+CoreDataProperties.swift in Sources */,
				E3C939232072951C00552A31 /* User.swift in Sources */,
				E348F98820728C37007A903B /* Person+CoreDataClass.swift in Sources */,
				E348F962207283BC007A903B /* AppDelegate.swift in Sources */,
				E348F985207287BC007A903B /* PersistenceManager.swift in Sources */,
			);
			runOnlyForDeploymentPostprocessing = 0;
		};
		E348F971207283C1007A903B /* Sources */ = {
			isa = PBXSourcesBuildPhase;
			buildActionMask = 2147483647;
			files = (
				E348F97A207283C1007A903B /* PersistenceTests.swift in Sources */,
			);
			runOnlyForDeploymentPostprocessing = 0;
		};
/* End PBXSourcesBuildPhase section */

/* Begin PBXTargetDependency section */
		E348F977207283C1007A903B /* PBXTargetDependency */ = {
			isa = PBXTargetDependency;
			target = E348F95D207283BC007A903B /* Persistence */;
			targetProxy = E348F976207283C1007A903B /* PBXContainerItemProxy */;
		};
/* End PBXTargetDependency section */

/* Begin PBXVariantGroup section */
		E348F965207283BC007A903B /* Main.storyboard */ = {
			isa = PBXVariantGroup;
			children = (
				E348F966207283BC007A903B /* Base */,
			);
			name = Main.storyboard;
			sourceTree = "<group>";
		};
		E348F96D207283C1007A903B /* LaunchScreen.storyboard */ = {
			isa = PBXVariantGroup;
			children = (
				E348F96E207283C1007A903B /* Base */,
			);
			name = LaunchScreen.storyboard;
			sourceTree = "<group>";
		};
/* End PBXVariantGroup section */

/* Begin XCBuildConfiguration section */
		E348F97C207283C1007A903B /* Debug */ = {
			isa = XCBuildConfiguration;
			buildSettings = {
				ALWAYS_SEARCH_USER_PATHS = NO;
				CLANG_ANALYZER_NONNULL = YES;
				CLANG_ANALYZER_NUMBER_OBJECT_CONVERSION = YES_AGGRESSIVE;
				CLANG_CXX_LANGUAGE_STANDARD = "gnu++14";
				CLANG_CXX_LIBRARY = "libc++";
				CLANG_ENABLE_MODULES = YES;
				CLANG_ENABLE_OBJC_ARC = YES;
				CLANG_ENABLE_OBJC_WEAK = YES;
				CLANG_WARN_BLOCK_CAPTURE_AUTORELEASING = YES;
				CLANG_WARN_BOOL_CONVERSION = YES;
				CLANG_WARN_COMMA = YES;
				CLANG_WARN_CONSTANT_CONVERSION = YES;
				CLANG_WARN_DEPRECATED_OBJC_IMPLEMENTATIONS = YES;
				CLANG_WARN_DIRECT_OBJC_ISA_USAGE = YES_ERROR;
				CLANG_WARN_DOCUMENTATION_COMMENTS = YES;
				CLANG_WARN_EMPTY_BODY = YES;
				CLANG_WARN_ENUM_CONVERSION = YES;
				CLANG_WARN_INFINITE_RECURSION = YES;
				CLANG_WARN_INT_CONVERSION = YES;
				CLANG_WARN_NON_LITERAL_NULL_CONVERSION = YES;
				CLANG_WARN_OBJC_IMPLICIT_RETAIN_SELF = YES;
				CLANG_WARN_OBJC_LITERAL_CONVERSION = YES;
				CLANG_WARN_OBJC_ROOT_CLASS = YES_ERROR;
				CLANG_WARN_RANGE_LOOP_ANALYSIS = YES;
				CLANG_WARN_STRICT_PROTOTYPES = YES;
				CLANG_WARN_SUSPICIOUS_MOVE = YES;
				CLANG_WARN_UNGUARDED_AVAILABILITY = YES_AGGRESSIVE;
				CLANG_WARN_UNREACHABLE_CODE = YES;
				CLANG_WARN__DUPLICATE_METHOD_MATCH = YES;
				CODE_SIGN_IDENTITY = "iPhone Developer";
				COPY_PHASE_STRIP = NO;
				DEBUG_INFORMATION_FORMAT = dwarf;
				ENABLE_STRICT_OBJC_MSGSEND = YES;
				ENABLE_TESTABILITY = YES;
				GCC_C_LANGUAGE_STANDARD = gnu11;
				GCC_DYNAMIC_NO_PIC = NO;
				GCC_NO_COMMON_BLOCKS = YES;
				GCC_OPTIMIZATION_LEVEL = 0;
				GCC_PREPROCESSOR_DEFINITIONS = (
					"DEBUG=1",
					"$(inherited)",
				);
				GCC_WARN_64_TO_32_BIT_CONVERSION = YES;
				GCC_WARN_ABOUT_RETURN_TYPE = YES_ERROR;
				GCC_WARN_UNDECLARED_SELECTOR = YES;
				GCC_WARN_UNINITIALIZED_AUTOS = YES_AGGRESSIVE;
				GCC_WARN_UNUSED_FUNCTION = YES;
				GCC_WARN_UNUSED_VARIABLE = YES;
				IPHONEOS_DEPLOYMENT_TARGET = 11.3;
				MTL_ENABLE_DEBUG_INFO = YES;
				ONLY_ACTIVE_ARCH = YES;
				SDKROOT = iphoneos;
				SWIFT_ACTIVE_COMPILATION_CONDITIONS = DEBUG;
				SWIFT_OPTIMIZATION_LEVEL = "-Onone";
			};
			name = Debug;
		};
		E348F97D207283C1007A903B /* Release */ = {
			isa = XCBuildConfiguration;
			buildSettings = {
				ALWAYS_SEARCH_USER_PATHS = NO;
				CLANG_ANALYZER_NONNULL = YES;
				CLANG_ANALYZER_NUMBER_OBJECT_CONVERSION = YES_AGGRESSIVE;
				CLANG_CXX_LANGUAGE_STANDARD = "gnu++14";
				CLANG_CXX_LIBRARY = "libc++";
				CLANG_ENABLE_MODULES = YES;
				CLANG_ENABLE_OBJC_ARC = YES;
				CLANG_ENABLE_OBJC_WEAK = YES;
				CLANG_WARN_BLOCK_CAPTURE_AUTORELEASING = YES;
				CLANG_WARN_BOOL_CONVERSION = YES;
				CLANG_WARN_COMMA = YES;
				CLANG_WARN_CONSTANT_CONVERSION = YES;
				CLANG_WARN_DEPRECATED_OBJC_IMPLEMENTATIONS = YES;
				CLANG_WARN_DIRECT_OBJC_ISA_USAGE = YES_ERROR;
				CLANG_WARN_DOCUMENTATION_COMMENTS = YES;
				CLANG_WARN_EMPTY_BODY = YES;
				CLANG_WARN_ENUM_CONVERSION = YES;
				CLANG_WARN_INFINITE_RECURSION = YES;
				CLANG_WARN_INT_CONVERSION = YES;
				CLANG_WARN_NON_LITERAL_NULL_CONVERSION = YES;
				CLANG_WARN_OBJC_IMPLICIT_RETAIN_SELF = YES;
				CLANG_WARN_OBJC_LITERAL_CONVERSION = YES;
				CLANG_WARN_OBJC_ROOT_CLASS = YES_ERROR;
				CLANG_WARN_RANGE_LOOP_ANALYSIS = YES;
				CLANG_WARN_STRICT_PROTOTYPES = YES;
				CLANG_WARN_SUSPICIOUS_MOVE = YES;
				CLANG_WARN_UNGUARDED_AVAILABILITY = YES_AGGRESSIVE;
				CLANG_WARN_UNREACHABLE_CODE = YES;
				CLANG_WARN__DUPLICATE_METHOD_MATCH = YES;
				CODE_SIGN_IDENTITY = "iPhone Developer";
				COPY_PHASE_STRIP = NO;
				DEBUG_INFORMATION_FORMAT = "dwarf-with-dsym";
				ENABLE_NS_ASSERTIONS = NO;
				ENABLE_STRICT_OBJC_MSGSEND = YES;
				GCC_C_LANGUAGE_STANDARD = gnu11;
				GCC_NO_COMMON_BLOCKS = YES;
				GCC_WARN_64_TO_32_BIT_CONVERSION = YES;
				GCC_WARN_ABOUT_RETURN_TYPE = YES_ERROR;
				GCC_WARN_UNDECLARED_SELECTOR = YES;
				GCC_WARN_UNINITIALIZED_AUTOS = YES_AGGRESSIVE;
				GCC_WARN_UNUSED_FUNCTION = YES;
				GCC_WARN_UNUSED_VARIABLE = YES;
				IPHONEOS_DEPLOYMENT_TARGET = 11.3;
				MTL_ENABLE_DEBUG_INFO = NO;
				SDKROOT = iphoneos;
				SWIFT_COMPILATION_MODE = wholemodule;
				SWIFT_OPTIMIZATION_LEVEL = "-O";
				VALIDATE_PRODUCT = YES;
			};
			name = Release;
		};
		E348F97F207283C1007A903B /* Debug */ = {
			isa = XCBuildConfiguration;
			buildSettings = {
				ASSETCATALOG_COMPILER_APPICON_NAME = AppIcon;
				CODE_SIGN_STYLE = Automatic;
				DEVELOPMENT_TEAM = GZ9MP853AP;
				INFOPLIST_FILE = Persistence/Info.plist;
				LD_RUNPATH_SEARCH_PATHS = (
					"$(inherited)",
					"@executable_path/Frameworks",
				);
				PRODUCT_BUNDLE_IDENTIFIER = com.3dasu.iPhoneDev.Persistence;
				PRODUCT_NAME = "$(TARGET_NAME)";
				SWIFT_VERSION = 4.0;
				TARGETED_DEVICE_FAMILY = "1,2";
			};
			name = Debug;
		};
		E348F980207283C1007A903B /* Release */ = {
			isa = XCBuildConfiguration;
			buildSettings = {
				ASSETCATALOG_COMPILER_APPICON_NAME = AppIcon;
				CODE_SIGN_STYLE = Automatic;
				DEVELOPMENT_TEAM = GZ9MP853AP;
				INFOPLIST_FILE = Persistence/Info.plist;
				LD_RUNPATH_SEARCH_PATHS = (
					"$(inherited)",
					"@executable_path/Frameworks",
				);
				PRODUCT_BUNDLE_IDENTIFIER = com.3dasu.iPhoneDev.Persistence;
				PRODUCT_NAME = "$(TARGET_NAME)";
				SWIFT_VERSION = 4.0;
				TARGETED_DEVICE_FAMILY = "1,2";
			};
			name = Release;
		};
		E348F982207283C1007A903B /* Debug */ = {
			isa = XCBuildConfiguration;
			buildSettings = {
				ALWAYS_EMBED_SWIFT_STANDARD_LIBRARIES = YES;
				BUNDLE_LOADER = "$(TEST_HOST)";
				CODE_SIGN_STYLE = Automatic;
				DEVELOPMENT_TEAM = GZ9MP853AP;
				INFOPLIST_FILE = PersistenceTests/Info.plist;
				LD_RUNPATH_SEARCH_PATHS = (
					"$(inherited)",
					"@executable_path/Frameworks",
					"@loader_path/Frameworks",
				);
				PRODUCT_BUNDLE_IDENTIFIER = com.3dasu.iPhoneDev.PersistenceTests;
				PRODUCT_NAME = "$(TARGET_NAME)";
				SWIFT_VERSION = 4.0;
				TARGETED_DEVICE_FAMILY = "1,2";
				TEST_HOST = "$(BUILT_PRODUCTS_DIR)/Persistence.app/Persistence";
			};
			name = Debug;
		};
		E348F983207283C1007A903B /* Release */ = {
			isa = XCBuildConfiguration;
			buildSettings = {
				ALWAYS_EMBED_SWIFT_STANDARD_LIBRARIES = YES;
				BUNDLE_LOADER = "$(TEST_HOST)";
				CODE_SIGN_STYLE = Automatic;
				DEVELOPMENT_TEAM = GZ9MP853AP;
				INFOPLIST_FILE = PersistenceTests/Info.plist;
				LD_RUNPATH_SEARCH_PATHS = (
					"$(inherited)",
					"@executable_path/Frameworks",
					"@loader_path/Frameworks",
				);
				PRODUCT_BUNDLE_IDENTIFIER = com.3dasu.iPhoneDev.PersistenceTests;
				PRODUCT_NAME = "$(TARGET_NAME)";
				SWIFT_VERSION = 4.0;
				TARGETED_DEVICE_FAMILY = "1,2";
				TEST_HOST = "$(BUILT_PRODUCTS_DIR)/Persistence.app/Persistence";
			};
			name = Release;
		};
/* End XCBuildConfiguration section */

/* Begin XCConfigurationList section */
		E348F959207283BC007A903B /* Build configuration list for PBXProject "Persistence" */ = {
			isa = XCConfigurationList;
			buildConfigurations = (
				E348F97C207283C1007A903B /* Debug */,
				E348F97D207283C1007A903B /* Release */,
			);
			defaultConfigurationIsVisible = 0;
			defaultConfigurationName = Release;
		};
		E348F97E207283C1007A903B /* Build configuration list for PBXNativeTarget "Persistence" */ = {
			isa = XCConfigurationList;
			buildConfigurations = (
				E348F97F207283C1007A903B /* Debug */,
				E348F980207283C1007A903B /* Release */,
			);
			defaultConfigurationIsVisible = 0;
			defaultConfigurationName = Release;
		};
		E348F981207283C1007A903B /* Build configuration list for PBXNativeTarget "PersistenceTests" */ = {
			isa = XCConfigurationList;
			buildConfigurations = (
				E348F982207283C1007A903B /* Debug */,
				E348F983207283C1007A903B /* Release */,
			);
			defaultConfigurationIsVisible = 0;
			defaultConfigurationName = Release;
		};
/* End XCConfigurationList section */

/* Begin XCVersionGroup section */
		E348F968207283BC007A903B /* Persistence.xcdatamodeld */ = {
			isa = XCVersionGroup;
			children = (
				E348F969207283BC007A903B /* Persistence.xcdatamodel */,
			);
			currentVersion = E348F969207283BC007A903B /* Persistence.xcdatamodel */;
			path = Persistence.xcdatamodeld;
			sourceTree = "<group>";
			versionGroupType = wrapper.xcdatamodel;
		};
/* End XCVersionGroup section */
	};
	rootObject = E348F956207283BC007A903B /* Project object */;
}
